
<Solution xmlns="http://schemas.microsoft.com/developer/msbuild/2003">
  <Project Path="performance/Vok.Performance.Integration/Performance.Integration.csproj" Id="6806951d-ef7c-0f2a-fd97-19e0b881412b" xmlns="" />
  <Project Path="performance/Vok.Performance/Performance.csproj" Id="c2a794be-5955-d3a0-5c92-b14242b728db" xmlns="" />
  <Project Name="Vok.Domain" Path="Vok.Domain\Vok.Domain.csproj" Guid="{D1C2A5F8-9E3B-4A7C-8F2E-1D5A9B7C3E4F}" />
  <Project Name="Vok.Infrastructure" Path="Vok.Infrastructure\Vok.Infrastructure.csproj" Guid="{E2D3B6F9-0F4C-5B8D-9F3E-2E6B0C8D4F5A}" />
  <Project Name="Vok.Maui" Path="Vok.Maui\Vok.Maui.csproj" Guid="{F3E4C7FA-1A5D-6C9E-0F4E-3F7C1D9E5A6B}" />
  <Project Name="Vok.Tests" Path="Vok.Tests\Vok.Tests.csproj" Guid="{A4F5D8FB-2B6E-7D0F-1A5F-4E8D2F0A6B7C}" />
  <PropertyGroup>
    <SolutionGuid>{B5A6C9ED-3C7F-8A1B-2C6D-5F9E0A3D4B7C}</SolutionGuid>
    <SolutionVersion>17.0</SolutionVersion>
    <MinimumVisualStudioVersion>17.12</MinimumVisualStudioVersion>
  </PropertyGroup>
  <Configuration Condition=" '$(Configuration)' == '' ">Debug</Configuration>
  <Platform Condition=" '$(Platform)' == '' ">Any CPU</Platform>
  <ProjectConfiguration Include="Debug|Any CPU">
    <Project>{D1C2A5F8-9E3B-4A7C-8F2E-1D5A9B7C3E4F}</Project>
    <Configuration>Debug</Configuration>
    <Platform>Any CPU</Platform>
  </ProjectConfiguration>
  <ProjectConfiguration Include="Release|Any CPU">
    <Project>{D1C2A5F8-9E3B-4A7C-8F2E-1D5A9B7C3E4F}</Project>
    <Configuration>Release</Configuration>
    <Platform>Any CPU</Platform>
  </ProjectConfiguration>
  <ProjectConfiguration Include="Debug|Any CPU">
    <Project>{E2D3B6F9-0F4C-5B8D-9F3E-2E6B0C8D4F5A}</Project>
    <Configuration>Debug</Configuration>
    <Platform>Any CPU</Platform>
  </ProjectConfiguration>
  <ProjectConfiguration Include="Release|Any CPU">
    <Project>{E2D3B6F9-0F4C-5B8D-9F3E-2E6B0C8D4F5A}</Project>
    <Configuration>Release</Configuration>
    <Platform>Any CPU</Platform>
  </ProjectConfiguration>
  <ProjectConfiguration Include="Debug|Any CPU">
    <Project>{F3E4C7FA-1A5D-6C9E-0F4E-3F7C1D9E5A6B}</Project>
    <Configuration>Debug</Configuration>
    <Platform>Any CPU</Platform>
  </ProjectConfiguration>
  <ProjectConfiguration Include="Release|Any CPU">
    <Project>{F3E4C7FA-1A5D-6C9E-0F4E-3F7C1D9E5A6B}</Project>
    <Configuration>Release</Configuration>
    <Platform>Any CPU</Platform>
  </ProjectConfiguration>
  <ProjectConfiguration Include="Debug|Any CPU">
    <Project>{A4F5D8FB-2B6E-7D0F-1A5F-4E8D2F0A6B7C}</Project>
    <Configuration>Debug</Configuration>
    <Platform>Any CPU</Platform>
  </ProjectConfiguration>
  <ProjectConfiguration Include="Release|Any CPU">
    <Project>{A4F5D8FB-2B6E-7D0F-1A5F-4E8D2F0A6B7C}</Project>
    <Configuration>Release</Configuration>
    <Platform>Any CPU</Platform>
  </ProjectConfiguration>
</Solution>